
Microsoft Visual Studio Solution File, Format Version 12.00
# Visual Studio Version 17
VisualStudioVersion = 17.0.32014.148
MinimumVisualStudioVersion = 10.0.40219.1
Project("{FAE04EC0-301F-11D3-BF4B-00C04F79EFBC}") = "TestCSharp", "TestCSharp\TestCSharp.csproj", "{028B2506-9DC1-426C-965C-B3796FD1A5DA}"
EndProject
Global
	GlobalSection(SolutionConfigurationPlatforms) = preSolution
		Debug|Any CPU = Debug|Any CPU
		Release|Any CPU = Release|Any CPU
	EndGlobalSection
	GlobalSection(ProjectConfigurationPlatforms) = postSolution
		{028B2506-9DC1-426C-965C-B3796FD1A5DA}.Debug|Any CPU.ActiveCfg = Debug|Any CPU
		{028B2506-9DC1-426C-965C-B3796FD1A5DA}.Debug|Any CPU.Build.0 = Debug|Any CPU
		{028B2506-9DC1-426C-965C-B3796FD1A5DA}.Release|Any CPU.ActiveCfg = Release|Any CPU
		{028B2506-9DC1-426C-965C-B3796FD1A5DA}.Release|Any CPU.Build.0 = Release|Any CPU
	EndGlobalSection
	GlobalSection(SolutionProperties) = preSolution
		HideSolutionNode = FALSE
	EndGlobalSection
	GlobalSection(ExtensibilityGlobals) = postSolution
		SolutionGuid = {E57FB0B6-4CDE-44C5-93C1-76632F1DE611}
	EndGlobalSection
EndGlobal
